// !$*UTF8*$!
{
	archiveVersion = 1;
	classes = {
	};
	objectVersion = 56;
	objects = {

/* Begin PBXBuildFile section */
		E945F459296264B40013B695 /* SignedView.swift in Sources */ = {isa = PBXBuildFile; fileRef = E945F458296264B40013B695 /* SignedView.swift */; };
		E9616D402961C98E0067380A /* AppDelegate.swift in Sources */ = {isa = PBXBuildFile; fileRef = E9616D3F2961C98E0067380A /* AppDelegate.swift */; };
		E9616D422961C98E0067380A /* SceneDelegate.swift in Sources */ = {isa = PBXBuildFile; fileRef = E9616D412961C98E0067380A /* SceneDelegate.swift */; };
		E9616D442961C98E0067380A /* SignInView.swift in Sources */ = {isa = PBXBuildFile; fileRef = E9616D432961C98E0067380A /* SignInView.swift */; };
		E9616D472961C98E0067380A /* Main.storyboard in Resources */ = {isa = PBXBuildFile; fileRef = E9616D452961C98E0067380A /* Main.storyboard */; };
		E9616D492961C98F0067380A /* Assets.xcassets in Resources */ = {isa = PBXBuildFile; fileRef = E9616D482961C98F0067380A /* Assets.xcassets */; };
		E9616D4C2961C98F0067380A /* LaunchScreen.storyboard in Resources */ = {isa = PBXBuildFile; fileRef = E9616D4A2961C98F0067380A /* LaunchScreen.storyboard */; };
		E9616D702961D5100067380A /* assets in Resources */ = {isa = PBXBuildFile; fileRef = E9616D6F2961D5100067380A /* assets */; };
		E9616D7629620ADC0067380A /* AlertController.swift in Sources */ = {isa = PBXBuildFile; fileRef = E9616D7529620ADC0067380A /* AlertController.swift */; };
		E9616D7829620F970067380A /* HttpController.swift in Sources */ = {isa = PBXBuildFile; fileRef = E9616D7729620F970067380A /* HttpController.swift */; };
/* End PBXBuildFile section */

/* Begin PBXContainerItemProxy section */
		E9616D532961C98F0067380A /* PBXContainerItemProxy */ = {
			isa = PBXContainerItemProxy;
			containerPortal = E9616D342961C98D0067380A /* Project object */;
			proxyType = 1;
			remoteGlobalIDString = E9616D3B2961C98D0067380A;
			remoteInfo = "Storyboard Tutorial";
		};
		E9616D5D2961C98F0067380A /* PBXContainerItemProxy */ = {
			isa = PBXContainerItemProxy;
			containerPortal = E9616D342961C98D0067380A /* Project object */;
			proxyType = 1;
			remoteGlobalIDString = E9616D3B2961C98D0067380A;
			remoteInfo = "Storyboard Tutorial";
		};
/* End PBXContainerItemProxy section */

/* Begin PBXFileReference section */
		E945F458296264B40013B695 /* SignedView.swift */ = {isa = PBXFileReference; lastKnownFileType = sourcecode.swift; path = SignedView.swift; sourceTree = "<group>"; };
		E9616D3C2961C98E0067380A /* Storyboard Tutorial.app */ = {isa = PBXFileReference; explicitFileType = wrapper.application; includeInIndex = 0; path = "Storyboard Tutorial.app"; sourceTree = BUILT_PRODUCTS_DIR; };
		E9616D3F2961C98E0067380A /* AppDelegate.swift */ = {isa = PBXFileReference; lastKnownFileType = sourcecode.swift; path = AppDelegate.swift; sourceTree = "<group>"; };
		E9616D412961C98E0067380A /* SceneDelegate.swift */ = {isa = PBXFileReference; lastKnownFileType = sourcecode.swift; path = SceneDelegate.swift; sourceTree = "<group>"; };
		E9616D432961C98E0067380A /* SignInView.swift */ = {isa = PBXFileReference; lastKnownFileType = sourcecode.swift; path = SignInView.swift; sourceTree = "<group>"; };
		E9616D462961C98E0067380A /* Base */ = {isa = PBXFileReference; lastKnownFileType = file.storyboard; name = Base; path = Base.lproj/Main.storyboard; sourceTree = "<group>"; };
		E9616D482961C98F0067380A /* Assets.xcassets */ = {isa = PBXFileReference; lastKnownFileType = folder.assetcatalog; path = Assets.xcassets; sourceTree = "<group>"; };
		E9616D4B2961C98F0067380A /* Base */ = {isa = PBXFileReference; lastKnownFileType = file.storyboard; name = Base; path = Base.lproj/LaunchScreen.storyboard; sourceTree = "<group>"; };
		E9616D4D2961C98F0067380A /* Info.plist */ = {isa = PBXFileReference; lastKnownFileType = text.plist.xml; path = Info.plist; sourceTree = "<group>"; };
		E9616D522961C98F0067380A /* Storyboard TutorialTests.xctest */ = {isa = PBXFileReference; explicitFileType = wrapper.cfbundle; includeInIndex = 0; path = "Storyboard TutorialTests.xctest"; sourceTree = BUILT_PRODUCTS_DIR; };
		E9616D5C2961C98F0067380A /* Storyboard TutorialUITests.xctest */ = {isa = PBXFileReference; explicitFileType = wrapper.cfbundle; includeInIndex = 0; path = "Storyboard TutorialUITests.xctest"; sourceTree = BUILT_PRODUCTS_DIR; };
		E9616D6F2961D5100067380A /* assets */ = {isa = PBXFileReference; lastKnownFileType = folder; path = assets; sourceTree = "<group>"; };
		E9616D7529620ADC0067380A /* AlertController.swift */ = {isa = PBXFileReference; lastKnownFileType = sourcecode.swift; path = AlertController.swift; sourceTree = "<group>"; };
		E9616D7729620F970067380A /* HttpController.swift */ = {isa = PBXFileReference; lastKnownFileType = sourcecode.swift; path = HttpController.swift; sourceTree = "<group>"; };
/* End PBXFileReference section */

/* Begin PBXFrameworksBuildPhase section */
		E9616D392961C98D0067380A /* Frameworks */ = {
			isa = PBXFrameworksBuildPhase;
			buildActionMask = 2147483647;
			files = (
			);
			runOnlyForDeploymentPostprocessing = 0;
		};
		E9616D4F2961C98F0067380A /* Frameworks */ = {
			isa = PBXFrameworksBuildPhase;
			buildActionMask = 2147483647;
			files = (
			);
			runOnlyForDeploymentPostprocessing = 0;
		};
		E9616D592961C98F0067380A /* Frameworks */ = {
			isa = PBXFrameworksBuildPhase;
			buildActionMask = 2147483647;
			files = (
			);
			runOnlyForDeploymentPostprocessing = 0;
		};
/* End PBXFrameworksBuildPhase section */

/* Begin PBXGroup section */
		E9616D332961C98D0067380A = {
			isa = PBXGroup;
			children = (
				E9616D3E2961C98E0067380A /* Storyboard Tutorial */,
				E9616D3D2961C98E0067380A /* Products */,
			);
			sourceTree = "<group>";
		};
		E9616D3D2961C98E0067380A /* Products */ = {
			isa = PBXGroup;
			children = (
				E9616D3C2961C98E0067380A /* Storyboard Tutorial.app */,
				E9616D522961C98F0067380A /* Storyboard TutorialTests.xctest */,
				E9616D5C2961C98F0067380A /* Storyboard TutorialUITests.xctest */,
			);
			name = Products;
			sourceTree = "<group>";
		};
		E9616D3E2961C98E0067380A /* Storyboard Tutorial */ = {
			isa = PBXGroup;
			children = (
				E9616D73296208590067380A /* controller */,
				E9616D72296208490067380A /* view */,
				E9616D712962083B0067380A /* model */,
				E9616D6F2961D5100067380A /* assets */,
				E9616D482961C98F0067380A /* Assets.xcassets */,
				E9616D4D2961C98F0067380A /* Info.plist */,
			);
			path = "Storyboard Tutorial";
			sourceTree = "<group>";
		};
		E9616D712962083B0067380A /* model */ = {
			isa = PBXGroup;
			children = (
			);
			path = model;
			sourceTree = "<group>";
		};
		E9616D72296208490067380A /* view */ = {
			isa = PBXGroup;
			children = (
				E9616D452961C98E0067380A /* Main.storyboard */,
				E9616D4A2961C98F0067380A /* LaunchScreen.storyboard */,
			);
			path = view;
			sourceTree = "<group>";
		};
		E9616D73296208590067380A /* controller */ = {
			isa = PBXGroup;
			children = (
				E9616D7429620A610067380A /* views */,
				E9616D7529620ADC0067380A /* AlertController.swift */,
				E9616D7729620F970067380A /* HttpController.swift */,
			);
			path = controller;
			sourceTree = "<group>";
		};
		E9616D7429620A610067380A /* views */ = {
			isa = PBXGroup;
			children = (
				E9616D3F2961C98E0067380A /* AppDelegate.swift */,
				E9616D412961C98E0067380A /* SceneDelegate.swift */,
				E9616D432961C98E0067380A /* SignInView.swift */,
				E945F458296264B40013B695 /* SignedView.swift */,
			);
			path = views;
			sourceTree = "<group>";
		};
/* End PBXGroup section */

/* Begin PBXNativeTarget section */
		E9616D3B2961C98D0067380A /* Storyboard Tutorial */ = {
			isa = PBXNativeTarget;
			buildConfigurationList = E9616D662961C98F0067380A /* Build configuration list for PBXNativeTarget "Storyboard Tutorial" */;
			buildPhases = (
				E9616D382961C98D0067380A /* Sources */,
				E9616D392961C98D0067380A /* Frameworks */,
				E9616D3A2961C98D0067380A /* Resources */,
			);
			buildRules = (
			);
			dependencies = (
			);
			name = "Storyboard Tutorial";
			productName = "Storyboard Tutorial";
			productReference = E9616D3C2961C98E0067380A /* Storyboard Tutorial.app */;
			productType = "com.apple.product-type.application";
		};
		E9616D512961C98F0067380A /* Storyboard TutorialTests */ = {
			isa = PBXNativeTarget;
			buildConfigurationList = E9616D692961C98F0067380A /* Build configuration list for PBXNativeTarget "Storyboard TutorialTests" */;
			buildPhases = (
				E9616D4E2961C98F0067380A /* Sources */,
				E9616D4F2961C98F0067380A /* Frameworks */,
				E9616D502961C98F0067380A /* Resources */,
			);
			buildRules = (
			);
			dependencies = (
				E9616D542961C98F0067380A /* PBXTargetDependency */,
			);
			name = "Storyboard TutorialTests";
			productName = "Storyboard TutorialTests";
			productReference = E9616D522961C98F0067380A /* Storyboard TutorialTests.xctest */;
			productType = "com.apple.product-type.bundle.unit-test";
		};
		E9616D5B2961C98F0067380A /* Storyboard TutorialUITests */ = {
			isa = PBXNativeTarget;
			buildConfigurationList = E9616D6C2961C98F0067380A /* Build configuration list for PBXNativeTarget "Storyboard TutorialUITests" */;
			buildPhases = (
				E9616D582961C98F0067380A /* Sources */,
				E9616D592961C98F0067380A /* Frameworks */,
				E9616D5A2961C98F0067380A /* Resources */,
			);
			buildRules = (
			);
			dependencies = (
				E9616D5E2961C98F0067380A /* PBXTargetDependency */,
			);
			name = "Storyboard TutorialUITests";
			productName = "Storyboard TutorialUITests";
			productReference = E9616D5C2961C98F0067380A /* Storyboard TutorialUITests.xctest */;
			productType = "com.apple.product-type.bundle.ui-testing";
		};
/* End PBXNativeTarget section */

/* Begin PBXProject section */
		E9616D342961C98D0067380A /* Project object */ = {
			isa = PBXProject;
			attributes = {
				BuildIndependentTargetsInParallel = 1;
				LastSwiftUpdateCheck = 1420;
				LastUpgradeCheck = 1420;
				TargetAttributes = {
					E9616D3B2961C98D0067380A = {
						CreatedOnToolsVersion = 14.2;
					};
					E9616D512961C98F0067380A = {
						CreatedOnToolsVersion = 14.2;
						TestTargetID = E9616D3B2961C98D0067380A;
					};
					E9616D5B2961C98F0067380A = {
						CreatedOnToolsVersion = 14.2;
						TestTargetID = E9616D3B2961C98D0067380A;
					};
				};
			};
			buildConfigurationList = E9616D372961C98D0067380A /* Build configuration list for PBXProject "Storyboard Tutorial" */;
			compatibilityVersion = "Xcode 14.0";
			developmentRegion = en;
			hasScannedForEncodings = 0;
			knownRegions = (
				en,
				Base,
			);
			mainGroup = E9616D332961C98D0067380A;
			productRefGroup = E9616D3D2961C98E0067380A /* Products */;
			projectDirPath = "";
			projectRoot = "";
			targets = (
				E9616D3B2961C98D0067380A /* Storyboard Tutorial */,
				E9616D512961C98F0067380A /* Storyboard TutorialTests */,
				E9616D5B2961C98F0067380A /* Storyboard TutorialUITests */,
			);
		};
/* End PBXProject section */

/* Begin PBXResourcesBuildPhase section */
		E9616D3A2961C98D0067380A /* Resources */ = {
			isa = PBXResourcesBuildPhase;
			buildActionMask = 2147483647;
			files = (
				E9616D4C2961C98F0067380A /* LaunchScreen.storyboard in Resources */,
				E9616D702961D5100067380A /* assets in Resources */,
				E9616D492961C98F0067380A /* Assets.xcassets in Resources */,
				E9616D472961C98E0067380A /* Main.storyboard in Resources */,
			);
			runOnlyForDeploymentPostprocessing = 0;
		};
		E9616D502961C98F0067380A /* Resources */ = {
			isa = PBXResourcesBuildPhase;
			buildActionMask = 2147483647;
			files = (
			);
			runOnlyForDeploymentPostprocessing = 0;
		};
		E9616D5A2961C98F0067380A /* Resources */ = {
			isa = PBXResourcesBuildPhase;
			buildActionMask = 2147483647;
			files = (
			);
			runOnlyForDeploymentPostprocessing = 0;
		};
/* End PBXResourcesBuildPhase section */

/* Begin PBXSourcesBuildPhase section */
		E9616D382961C98D0067380A /* Sources */ = {
			isa = PBXSourcesBuildPhase;
			buildActionMask = 2147483647;
			files = (
				E9616D442961C98E0067380A /* SignInView.swift in Sources */,
				E9616D7829620F970067380A /* HttpController.swift in Sources */,
				E9616D7629620ADC0067380A /* AlertController.swift in Sources */,
				E9616D402961C98E0067380A /* AppDelegate.swift in Sources */,
				E945F459296264B40013B695 /* SignedView.swift in Sources */,
				E9616D422961C98E0067380A /* SceneDelegate.swift in Sources */,
			);
			runOnlyForDeploymentPostprocessing = 0;
		};
		E9616D4E2961C98F0067380A /* Sources */ = {
			isa = PBXSourcesBuildPhase;
			buildActionMask = 2147483647;
			files = (
			);
			runOnlyForDeploymentPostprocessing = 0;
		};
		E9616D582961C98F0067380A /* Sources */ = {
			isa = PBXSourcesBuildPhase;
			buildActionMask = 2147483647;
			files = (
			);
			runOnlyForDeploymentPostprocessing = 0;
		};
/* End PBXSourcesBuildPhase section */

/* Begin PBXTargetDependency section */
		E9616D542961C98F0067380A /* PBXTargetDependency */ = {
			isa = PBXTargetDependency;
			target = E9616D3B2961C98D0067380A /* Storyboard Tutorial */;
			targetProxy = E9616D532961C98F0067380A /* PBXContainerItemProxy */;
		};
		E9616D5E2961C98F0067380A /* PBXTargetDependency */ = {
			isa = PBXTargetDependency;
			target = E9616D3B2961C98D0067380A /* Storyboard Tutorial */;
			targetProxy = E9616D5D2961C98F0067380A /* PBXContainerItemProxy */;
		};
/* End PBXTargetDependency section */

/* Begin PBXVariantGroup section */
		E9616D452961C98E0067380A /* Main.storyboard */ = {
			isa = PBXVariantGroup;
			children = (
				E9616D462961C98E0067380A /* Base */,
			);
			name = Main.storyboard;
			sourceTree = "<group>";
		};
		E9616D4A2961C98F0067380A /* LaunchScreen.storyboard */ = {
			isa = PBXVariantGroup;
			children = (
				E9616D4B2961C98F0067380A /* Base */,
			);
			name = LaunchScreen.storyboard;
			sourceTree = "<group>";
		};
/* End PBXVariantGroup section */

/* Begin XCBuildConfiguration section */
		E9616D642961C98F0067380A /* Debug */ = {
			isa = XCBuildConfiguration;
			buildSettings = {
				ALWAYS_SEARCH_USER_PATHS = NO;
				CLANG_ANALYZER_NONNULL = YES;
				CLANG_ANALYZER_NUMBER_OBJECT_CONVERSION = YES_AGGRESSIVE;
				CLANG_CXX_LANGUAGE_STANDARD = "gnu++20";
				CLANG_ENABLE_MODULES = YES;
				CLANG_ENABLE_OBJC_ARC = YES;
				CLANG_ENABLE_OBJC_WEAK = YES;
				CLANG_WARN_BLOCK_CAPTURE_AUTORELEASING = YES;
				CLANG_WARN_BOOL_CONVERSION = YES;
				CLANG_WARN_COMMA = YES;
				CLANG_WARN_CONSTANT_CONVERSION = YES;
				CLANG_WARN_DEPRECATED_OBJC_IMPLEMENTATIONS = YES;
				CLANG_WARN_DIRECT_OBJC_ISA_USAGE = YES_ERROR;
				CLANG_WARN_DOCUMENTATION_COMMENTS = YES;
				CLANG_WARN_EMPTY_BODY = YES;
				CLANG_WARN_ENUM_CONVERSION = YES;
				CLANG_WARN_INFINITE_RECURSION = YES;
				CLANG_WARN_INT_CONVERSION = YES;
				CLANG_WARN_NON_LITERAL_NULL_CONVERSION = YES;
				CLANG_WARN_OBJC_IMPLICIT_RETAIN_SELF = YES;
				CLANG_WARN_OBJC_LITERAL_CONVERSION = YES;
				CLANG_WARN_OBJC_ROOT_CLASS = YES_ERROR;
				CLANG_WARN_QUOTED_INCLUDE_IN_FRAMEWORK_HEADER = YES;
				CLANG_WARN_RANGE_LOOP_ANALYSIS = YES;
				CLANG_WARN_STRICT_PROTOTYPES = YES;
				CLANG_WARN_SUSPICIOUS_MOVE = YES;
				CLANG_WARN_UNGUARDED_AVAILABILITY = YES_AGGRESSIVE;
				CLANG_WARN_UNREACHABLE_CODE = YES;
				CLANG_WARN__DUPLICATE_METHOD_MATCH = YES;
				COPY_PHASE_STRIP = NO;
				DEBUG_INFORMATION_FORMAT = dwarf;
				ENABLE_STRICT_OBJC_MSGSEND = YES;
				ENABLE_TESTABILITY = YES;
				GCC_C_LANGUAGE_STANDARD = gnu11;
				GCC_DYNAMIC_NO_PIC = NO;
				GCC_NO_COMMON_BLOCKS = YES;
				GCC_OPTIMIZATION_LEVEL = 0;
				GCC_PREPROCESSOR_DEFINITIONS = (
					"DEBUG=1",
					"$(inherited)",
				);
				GCC_WARN_64_TO_32_BIT_CONVERSION = YES;
				GCC_WARN_ABOUT_RETURN_TYPE = YES_ERROR;
				GCC_WARN_UNDECLARED_SELECTOR = YES;
				GCC_WARN_UNINITIALIZED_AUTOS = YES_AGGRESSIVE;
				GCC_WARN_UNUSED_FUNCTION = YES;
				GCC_WARN_UNUSED_VARIABLE = YES;
				IPHONEOS_DEPLOYMENT_TARGET = 16.2;
				MTL_ENABLE_DEBUG_INFO = INCLUDE_SOURCE;
				MTL_FAST_MATH = YES;
				ONLY_ACTIVE_ARCH = YES;
				SDKROOT = iphoneos;
				SWIFT_ACTIVE_COMPILATION_CONDITIONS = DEBUG;
				SWIFT_OPTIMIZATION_LEVEL = "-Onone";
			};
			name = Debug;
		};
		E9616D652961C98F0067380A /* Release */ = {
			isa = XCBuildConfiguration;
			buildSettings = {
				ALWAYS_SEARCH_USER_PATHS = NO;
				CLANG_ANALYZER_NONNULL = YES;
				CLANG_ANALYZER_NUMBER_OBJECT_CONVERSION = YES_AGGRESSIVE;
				CLANG_CXX_LANGUAGE_STANDARD = "gnu++20";
				CLANG_ENABLE_MODULES = YES;
				CLANG_ENABLE_OBJC_ARC = YES;
				CLANG_ENABLE_OBJC_WEAK = YES;
				CLANG_WARN_BLOCK_CAPTURE_AUTORELEASING = YES;
				CLANG_WARN_BOOL_CONVERSION = YES;
				CLANG_WARN_COMMA = YES;
				CLANG_WARN_CONSTANT_CONVERSION = YES;
				CLANG_WARN_DEPRECATED_OBJC_IMPLEMENTATIONS = YES;
				CLANG_WARN_DIRECT_OBJC_ISA_USAGE = YES_ERROR;
				CLANG_WARN_DOCUMENTATION_COMMENTS = YES;
				CLANG_WARN_EMPTY_BODY = YES;
				CLANG_WARN_ENUM_CONVERSION = YES;
				CLANG_WARN_INFINITE_RECURSION = YES;
				CLANG_WARN_INT_CONVERSION = YES;
				CLANG_WARN_NON_LITERAL_NULL_CONVERSION = YES;
				CLANG_WARN_OBJC_IMPLICIT_RETAIN_SELF = YES;
				CLANG_WARN_OBJC_LITERAL_CONVERSION = YES;
				CLANG_WARN_OBJC_ROOT_CLASS = YES_ERROR;
				CLANG_WARN_QUOTED_INCLUDE_IN_FRAMEWORK_HEADER = YES;
				CLANG_WARN_RANGE_LOOP_ANALYSIS = YES;
				CLANG_WARN_STRICT_PROTOTYPES = YES;
				CLANG_WARN_SUSPICIOUS_MOVE = YES;
				CLANG_WARN_UNGUARDED_AVAILABILITY = YES_AGGRESSIVE;
				CLANG_WARN_UNREACHABLE_CODE = YES;
				CLANG_WARN__DUPLICATE_METHOD_MATCH = YES;
				COPY_PHASE_STRIP = NO;
				DEBUG_INFORMATION_FORMAT = "dwarf-with-dsym";
				ENABLE_NS_ASSERTIONS = NO;
				ENABLE_STRICT_OBJC_MSGSEND = YES;
				GCC_C_LANGUAGE_STANDARD = gnu11;
				GCC_NO_COMMON_BLOCKS = YES;
				GCC_WARN_64_TO_32_BIT_CONVERSION = YES;
				GCC_WARN_ABOUT_RETURN_TYPE = YES_ERROR;
				GCC_WARN_UNDECLARED_SELECTOR = YES;
				GCC_WARN_UNINITIALIZED_AUTOS = YES_AGGRESSIVE;
				GCC_WARN_UNUSED_FUNCTION = YES;
				GCC_WARN_UNUSED_VARIABLE = YES;
				IPHONEOS_DEPLOYMENT_TARGET = 16.2;
				MTL_ENABLE_DEBUG_INFO = NO;
				MTL_FAST_MATH = YES;
				SDKROOT = iphoneos;
				SWIFT_COMPILATION_MODE = wholemodule;
				SWIFT_OPTIMIZATION_LEVEL = "-O";
				VALIDATE_PRODUCT = YES;
			};
			name = Release;
		};
		E9616D672961C98F0067380A /* Debug */ = {
			isa = XCBuildConfiguration;
			buildSettings = {
				ASSETCATALOG_COMPILER_APPICON_NAME = AppIcon;
				ASSETCATALOG_COMPILER_GLOBAL_ACCENT_COLOR_NAME = AccentColor;
				ASSETCATALOG_COMPILER_INCLUDE_ALL_APPICON_ASSETS = YES;
				CODE_SIGN_STYLE = Automatic;
				CURRENT_PROJECT_VERSION = 1;
				DEVELOPMENT_TEAM = 2M66W898FS;
				GENERATE_INFOPLIST_FILE = YES;
				INFOPLIST_FILE = "Storyboard Tutorial/Info.plist";
				INFOPLIST_KEY_CFBundleDisplayName = "Login System";
				INFOPLIST_KEY_UIApplicationSupportsIndirectInputEvents = YES;
				INFOPLIST_KEY_UILaunchStoryboardName = LaunchScreen;
				INFOPLIST_KEY_UIMainStoryboardFile = Main;
				INFOPLIST_KEY_UISupportedInterfaceOrientations_iPad = "UIInterfaceOrientationPortrait UIInterfaceOrientationPortraitUpsideDown UIInterfaceOrientationLandscapeLeft UIInterfaceOrientationLandscapeRight";
				INFOPLIST_KEY_UISupportedInterfaceOrientations_iPhone = "UIInterfaceOrientationPortrait UIInterfaceOrientationLandscapeLeft UIInterfaceOrientationLandscapeRight";
				IPHONEOS_DEPLOYMENT_TARGET = 13.0;
				LD_RUNPATH_SEARCH_PATHS = (
					"$(inherited)",
					"@executable_path/Frameworks",
				);
				MARKETING_VERSION = 1.0;
				PRODUCT_BUNDLE_IDENTIFIER = spcompany.sharping.loginsystem;
				PRODUCT_NAME = "$(TARGET_NAME)";
				SUPPORTED_PLATFORMS = "iphoneos iphonesimulator";
				SUPPORTS_MACCATALYST = NO;
				SUPPORTS_MAC_DESIGNED_FOR_IPHONE_IPAD = NO;
				SWIFT_EMIT_LOC_STRINGS = YES;
				SWIFT_VERSION = 5.0;
				TARGETED_DEVICE_FAMILY = "1,2";
			};
			name = Debug;
		};
		E9616D682961C98F0067380A /* Release */ = {
			isa = XCBuildConfiguration;
			buildSettings = {
				ASSETCATALOG_COMPILER_APPICON_NAME = AppIcon;
				ASSETCATALOG_COMPILER_GLOBAL_ACCENT_COLOR_NAME = AccentColor;
				ASSETCATALOG_COMPILER_INCLUDE_ALL_APPICON_ASSETS = YES;
				CODE_SIGN_STYLE = Automatic;
				CURRENT_PROJECT_VERSION = 1;
				DEVELOPMENT_TEAM = 2M66W898FS;
				GENERATE_INFOPLIST_FILE = YES;
				INFOPLIST_FILE = "Storyboard Tutorial/Info.plist";
				INFOPLIST_KEY_CFBundleDisplayName = "Login System";
				INFOPLIST_KEY_UIApplicationSupportsIndirectInputEvents = YES;
				INFOPLIST_KEY_UILaunchStoryboardName = LaunchScreen;
				INFOPLIST_KEY_UIMainStoryboardFile = Main;
				INFOPLIST_KEY_UISupportedInterfaceOrientations_iPad = "UIInterfaceOrientationPortrait UIInterfaceOrientationPortraitUpsideDown UIInterfaceOrientationLandscapeLeft UIInterfaceOrientationLandscapeRight";
				INFOPLIST_KEY_UISupportedInterfaceOrientations_iPhone = "UIInterfaceOrientationPortrait UIInterfaceOrientationLandscapeLeft UIInterfaceOrientationLandscapeRight";
				IPHONEOS_DEPLOYMENT_TARGET = 13.0;
				LD_RUNPATH_SEARCH_PATHS = (
					"$(inherited)",
					"@executable_path/Frameworks",
				);
				MARKETING_VERSION = 1.0;
				PRODUCT_BUNDLE_IDENTIFIER = spcompany.sharping.loginsystem;
				PRODUCT_NAME = "$(TARGET_NAME)";
				SUPPORTED_PLATFORMS = "iphoneos iphonesimulator";
				SUPPORTS_MACCATALYST = NO;
				SUPPORTS_MAC_DESIGNED_FOR_IPHONE_IPAD = NO;
				SWIFT_EMIT_LOC_STRINGS = YES;
				SWIFT_VERSION = 5.0;
				TARGETED_DEVICE_FAMILY = "1,2";
			};
			name = Release;
		};
		E9616D6A2961C98F0067380A /* Debug */ = {
			isa = XCBuildConfiguration;
			buildSettings = {
				ALWAYS_EMBED_SWIFT_STANDARD_LIBRARIES = YES;
				BUNDLE_LOADER = "$(TEST_HOST)";
				CODE_SIGN_STYLE = Automatic;
				CURRENT_PROJECT_VERSION = 1;
				DEVELOPMENT_TEAM = 2M66W898FS;
				GENERATE_INFOPLIST_FILE = YES;
				IPHONEOS_DEPLOYMENT_TARGET = 16.2;
				MARKETING_VERSION = 1.0;
				PRODUCT_BUNDLE_IDENTIFIER = "com.devscorch.Storyboard-TutorialTests";
				PRODUCT_NAME = "$(TARGET_NAME)";
				SWIFT_EMIT_LOC_STRINGS = NO;
				SWIFT_VERSION = 5.0;
				TARGETED_DEVICE_FAMILY = "1,2";
				TEST_HOST = "$(BUILT_PRODUCTS_DIR)/Storyboard Tutorial.app/$(BUNDLE_EXECUTABLE_FOLDER_PATH)/Storyboard Tutorial";
			};
			name = Debug;
		};
		E9616D6B2961C98F0067380A /* Release */ = {
			isa = XCBuildConfiguration;
			buildSettings = {
				ALWAYS_EMBED_SWIFT_STANDARD_LIBRARIES = YES;
				BUNDLE_LOADER = "$(TEST_HOST)";
				CODE_SIGN_STYLE = Automatic;
				CURRENT_PROJECT_VERSION = 1;
				DEVELOPMENT_TEAM = 2M66W898FS;
				GENERATE_INFOPLIST_FILE = YES;
				IPHONEOS_DEPLOYMENT_TARGET = 16.2;
				MARKETING_VERSION = 1.0;
				PRODUCT_BUNDLE_IDENTIFIER = "com.devscorch.Storyboard-TutorialTests";
				PRODUCT_NAME = "$(TARGET_NAME)";
				SWIFT_EMIT_LOC_STRINGS = NO;
				SWIFT_VERSION = 5.0;
				TARGETED_DEVICE_FAMILY = "1,2";
				TEST_HOST = "$(BUILT_PRODUCTS_DIR)/Storyboard Tutorial.app/$(BUNDLE_EXECUTABLE_FOLDER_PATH)/Storyboard Tutorial";
			};
			name = Release;
		};
		E9616D6D2961C98F0067380A /* Debug */ = {
			isa = XCBuildConfiguration;
			buildSettings = {
				ALWAYS_EMBED_SWIFT_STANDARD_LIBRARIES = YES;
				CODE_SIGN_STYLE = Automatic;
				CURRENT_PROJECT_VERSION = 1;
				DEVELOPMENT_TEAM = 2M66W898FS;
				GENERATE_INFOPLIST_FILE = YES;
				MARKETING_VERSION = 1.0;
				PRODUCT_BUNDLE_IDENTIFIER = "com.devscorch.Storyboard-TutorialUITests";
				PRODUCT_NAME = "$(TARGET_NAME)";
				SWIFT_EMIT_LOC_STRINGS = NO;
				SWIFT_VERSION = 5.0;
				TARGETED_DEVICE_FAMILY = "1,2";
				TEST_TARGET_NAME = "Storyboard Tutorial";
			};
			name = Debug;
		};
		E9616D6E2961C98F0067380A /* Release */ = {
			isa = XCBuildConfiguration;
			buildSettings = {
				ALWAYS_EMBED_SWIFT_STANDARD_LIBRARIES = YES;
				CODE_SIGN_STYLE = Automatic;
				CURRENT_PROJECT_VERSION = 1;
				DEVELOPMENT_TEAM = 2M66W898FS;
				GENERATE_INFOPLIST_FILE = YES;
				MARKETING_VERSION = 1.0;
				PRODUCT_BUNDLE_IDENTIFIER = "com.devscorch.Storyboard-TutorialUITests";
				PRODUCT_NAME = "$(TARGET_NAME)";
				SWIFT_EMIT_LOC_STRINGS = NO;
				SWIFT_VERSION = 5.0;
				TARGETED_DEVICE_FAMILY = "1,2";
				TEST_TARGET_NAME = "Storyboard Tutorial";
			};
			name = Release;
		};
/* End XCBuildConfiguration section */

/* Begin XCConfigurationList section */
		E9616D372961C98D0067380A /* Build configuration list for PBXProject "Storyboard Tutorial" */ = {
			isa = XCConfigurationList;
			buildConfigurations = (
				E9616D642961C98F0067380A /* Debug */,
				E9616D652961C98F0067380A /* Release */,
			);
			defaultConfigurationIsVisible = 0;
			defaultConfigurationName = Release;
		};
		E9616D662961C98F0067380A /* Build configuration list for PBXNativeTarget "Storyboard Tutorial" */ = {
			isa = XCConfigurationList;
			buildConfigurations = (
				E9616D672961C98F0067380A /* Debug */,
				E9616D682961C98F0067380A /* Release */,
			);
			defaultConfigurationIsVisible = 0;
			defaultConfigurationName = Release;
		};
		E9616D692961C98F0067380A /* Build configuration list for PBXNativeTarget "Storyboard TutorialTests" */ = {
			isa = XCConfigurationList;
			buildConfigurations = (
				E9616D6A2961C98F0067380A /* Debug */,
				E9616D6B2961C98F0067380A /* Release */,
			);
			defaultConfigurationIsVisible = 0;
			defaultConfigurationName = Release;
		};
		E9616D6C2961C98F0067380A /* Build configuration list for PBXNativeTarget "Storyboard TutorialUITests" */ = {
			isa = XCConfigurationList;
			buildConfigurations = (
				E9616D6D2961C98F0067380A /* Debug */,
				E9616D6E2961C98F0067380A /* Release */,
			);
			defaultConfigurationIsVisible = 0;
			defaultConfigurationName = Release;
		};
/* End XCConfigurationList section */
	};
	rootObject = E9616D342961C98D0067380A /* Project object */;
}
